
Microsoft Visual Studio Solution File, Format Version 12.00
# Visual Studio Version 16
VisualStudioVersion = 16.0.29728.190
MinimumVisualStudioVersion = 10.0.40219.1
Project("{9A19103F-16F7-4668-BE54-9A1E7A4F7556}") = "BuiltWith", "BuiltWith\BuiltWith.csproj", "{882657FC-8E0D-40EE-8311-844DAE0B9B45}"
EndProject
Project("{9A19103F-16F7-4668-BE54-9A1E7A4F7556}") = "BuiltWithTest", "BuiltWithTest\BuiltWithTest.csproj", "{38341BE4-8A12-431A-9A6F-92EA7BF7CC3D}"
EndProject
Project("{2150E333-8FDC-42A3-9474-1A3956D46DE8}") = "ClientAPI", "ClientAPI", "{6C67EB9E-2DAE-447E-BC1C-8703D7FE3F92}"
EndProject
Global
	GlobalSection(SolutionConfigurationPlatforms) = preSolution
		Debug|Any CPU = Debug|Any CPU
		Release|Any CPU = Release|Any CPU
	EndGlobalSection
	GlobalSection(ProjectConfigurationPlatforms) = postSolution
		{882657FC-8E0D-40EE-8311-844DAE0B9B45}.Debug|Any CPU.ActiveCfg = Debug|Any CPU
		{882657FC-8E0D-40EE-8311-844DAE0B9B45}.Debug|Any CPU.Build.0 = Debug|Any CPU
		{882657FC-8E0D-40EE-8311-844DAE0B9B45}.Release|Any CPU.ActiveCfg = Release|Any CPU
		{882657FC-8E0D-40EE-8311-844DAE0B9B45}.Release|Any CPU.Build.0 = Release|Any CPU
		{38341BE4-8A12-431A-9A6F-92EA7BF7CC3D}.Debug|Any CPU.ActiveCfg = Debug|Any CPU
		{38341BE4-8A12-431A-9A6F-92EA7BF7CC3D}.Debug|Any CPU.Build.0 = Debug|Any CPU
		{38341BE4-8A12-431A-9A6F-92EA7BF7CC3D}.Release|Any CPU.ActiveCfg = Release|Any CPU
		{38341BE4-8A12-431A-9A6F-92EA7BF7CC3D}.Release|Any CPU.Build.0 = Release|Any CPU
	EndGlobalSection
	GlobalSection(SolutionProperties) = preSolution
		HideSolutionNode = FALSE
	EndGlobalSection
	GlobalSection(NestedProjects) = preSolution
		{882657FC-8E0D-40EE-8311-844DAE0B9B45} = {6C67EB9E-2DAE-447E-BC1C-8703D7FE3F92}
		{38341BE4-8A12-431A-9A6F-92EA7BF7CC3D} = {6C67EB9E-2DAE-447E-BC1C-8703D7FE3F92}
	EndGlobalSection
	GlobalSection(ExtensibilityGlobals) = postSolution
		SolutionGuid = {927D142D-5AA1-4284-892A-2649F448F058}
	EndGlobalSection
EndGlobal
